
Microsoft Visual Studio Solution File, Format Version 12.00
# Visual Studio Version 17
VisualStudioVersion = 17.12.35309.182
MinimumVisualStudioVersion = 10.0.40219.1
Project("{FAE04EC0-301F-11D3-BF4B-00C04F79EFBC}") = "OutputCacheMethod", "OutputCacheMethod\OutputCacheMethod.csproj", "{9002B552-A72D-491B-B318-2779C72C2A50}"
EndProject
Global
	GlobalSection(SolutionConfigurationPlatforms) = preSolution
		Debug|Any CPU = Debug|Any CPU
		Release|Any CPU = Release|Any CPU
	EndGlobalSection
	GlobalSection(ProjectConfigurationPlatforms) = postSolution
		{9002B552-A72D-491B-B318-2779C72C2A50}.Debug|Any CPU.ActiveCfg = Debug|Any CPU
		{9002B552-A72D-491B-B318-2779C72C2A50}.Debug|Any CPU.Build.0 = Debug|Any CPU
		{9002B552-A72D-491B-B318-2779C72C2A50}.Release|Any CPU.ActiveCfg = Release|Any CPU
		{9002B552-A72D-491B-B318-2779C72C2A50}.Release|Any CPU.Build.0 = Release|Any CPU
	EndGlobalSection
	GlobalSection(SolutionProperties) = preSolution
		HideSolutionNode = FALSE
	EndGlobalSection
	GlobalSection(ExtensibilityGlobals) = postSolution
		SolutionGuid = {5D3BAD41-66BA-448D-A25B-AB9600B3E7D6}
	EndGlobalSection
EndGlobal
